
Microsoft Visual Studio Solution File, Format Version 12.00
# Visual Studio Version 17
VisualStudioVersion = 17.11.35222.181
MinimumVisualStudioVersion = 10.0.40219.1
Project("{8BC9CEB8-8B4A-11D0-8D11-00A0C91BC942}") = "PlayerMove", "PlayerMove.vcxproj", "{970AD586-82FC-4490-99DC-2C31F72F162D}"
EndProject
Global
	GlobalSection(SolutionConfigurationPlatforms) = preSolution
		Debug|x64 = Debug|x64
		Debug|x86 = Debug|x86
		Release|x64 = Release|x64
		Release|x86 = Release|x86
	EndGlobalSection
	GlobalSection(ProjectConfigurationPlatforms) = postSolution
		{970AD586-82FC-4490-99DC-2C31F72F162D}.Debug|x64.ActiveCfg = Debug|x64
		{970AD586-82FC-4490-99DC-2C31F72F162D}.Debug|x64.Build.0 = Debug|x64
		{970AD586-82FC-4490-99DC-2C31F72F162D}.Debug|x86.ActiveCfg = Debug|Win32
		{970AD586-82FC-4490-99DC-2C31F72F162D}.Debug|x86.Build.0 = Debug|Win32
		{970AD586-82FC-4490-99DC-2C31F72F162D}.Release|x64.ActiveCfg = Release|x64
		{970AD586-82FC-4490-99DC-2C31F72F162D}.Release|x64.Build.0 = Release|x64
		{970AD586-82FC-4490-99DC-2C31F72F162D}.Release|x86.ActiveCfg = Release|Win32
		{970AD586-82FC-4490-99DC-2C31F72F162D}.Release|x86.Build.0 = Release|Win32
	EndGlobalSection
	GlobalSection(SolutionProperties) = preSolution
		HideSolutionNode = FALSE
	EndGlobalSection
	GlobalSection(ExtensibilityGlobals) = postSolution
		SolutionGuid = {3A5CE691-921C-4E64-A995-F53E63068869}
	EndGlobalSection
EndGlobal
